
Microsoft Visual Studio Solution File, Format Version 12.00
# Visual Studio Version 16
VisualStudioVersion = 16.0.31205.134
MinimumVisualStudioVersion = 10.0.40219.1
Project("{2150E333-8FDC-42A3-9474-1A3956D46DE8}") = "Solution Items", "Solution Items", "{4D08BDCF-902F-4256-84AF-DB07444B0C3E}"
EndProject
Project("{9A19103F-16F7-4668-BE54-9A1E7A4F7556}") = "Order.Supervisor", "Order.Supervisor\Order.Supervisor.csproj", "{4818949E-BC75-4203-9D77-5C6A25C1E34E}"
EndProject
Project("{9A19103F-16F7-4668-BE54-9A1E7A4F7556}") = "Order.Common", "Order.Common\Order.Common.csproj", "{3B38A945-15EC-43C1-BD28-FCA771591D70}"
EndProject
Project("{9A19103F-16F7-4668-BE54-9A1E7A4F7556}") = "Order.Agent", "Order.Agent\Order.Agent.csproj", "{927F68C1-D685-4EC1-8C5E-2BF19CD12962}"
	ProjectSection(ProjectDependencies) = postProject
		{3B38A945-15EC-43C1-BD28-FCA771591D70} = {3B38A945-15EC-43C1-BD28-FCA771591D70}
	EndProjectSection
EndProject
Global
	GlobalSection(SolutionConfigurationPlatforms) = preSolution
		Debug|Any CPU = Debug|Any CPU
		Release|Any CPU = Release|Any CPU
	EndGlobalSection
	GlobalSection(ProjectConfigurationPlatforms) = postSolution
		{4818949E-BC75-4203-9D77-5C6A25C1E34E}.Debug|Any CPU.ActiveCfg = Debug|Any CPU
		{4818949E-BC75-4203-9D77-5C6A25C1E34E}.Debug|Any CPU.Build.0 = Debug|Any CPU
		{4818949E-BC75-4203-9D77-5C6A25C1E34E}.Release|Any CPU.ActiveCfg = Release|Any CPU
		{4818949E-BC75-4203-9D77-5C6A25C1E34E}.Release|Any CPU.Build.0 = Release|Any CPU
		{3B38A945-15EC-43C1-BD28-FCA771591D70}.Debug|Any CPU.ActiveCfg = Debug|Any CPU
		{3B38A945-15EC-43C1-BD28-FCA771591D70}.Debug|Any CPU.Build.0 = Debug|Any CPU
		{3B38A945-15EC-43C1-BD28-FCA771591D70}.Release|Any CPU.ActiveCfg = Release|Any CPU
		{3B38A945-15EC-43C1-BD28-FCA771591D70}.Release|Any CPU.Build.0 = Release|Any CPU
		{927F68C1-D685-4EC1-8C5E-2BF19CD12962}.Debug|Any CPU.ActiveCfg = Debug|Any CPU
		{927F68C1-D685-4EC1-8C5E-2BF19CD12962}.Debug|Any CPU.Build.0 = Debug|Any CPU
		{927F68C1-D685-4EC1-8C5E-2BF19CD12962}.Release|Any CPU.ActiveCfg = Release|Any CPU
		{927F68C1-D685-4EC1-8C5E-2BF19CD12962}.Release|Any CPU.Build.0 = Release|Any CPU
	EndGlobalSection
	GlobalSection(SolutionProperties) = preSolution
		HideSolutionNode = FALSE
	EndGlobalSection
	GlobalSection(ExtensibilityGlobals) = postSolution
		SolutionGuid = {BDFEA3DF-E7D5-4C69-B7B1-FB74ADA9677E}
	EndGlobalSection
EndGlobal
